
Microsoft Visual Studio Solution File, Format Version 12.00
# Visual Studio Version 16
VisualStudioVersion = 16.0.32126.315
MinimumVisualStudioVersion = 10.0.40219.1
Project("{FAE04EC0-301F-11D3-BF4B-00C04F79EFBC}") = "ByteBank.BranchSystem", "ByteBank.BranchSystem\ByteBank.BranchSystem.csproj", "{19362A5F-D6D9-40E8-85DD-39BC8ECB2E53}"
EndProject
Project("{FAE04EC0-301F-11D3-BF4B-00C04F79EFBC}") = "ByteBank.Models", "ByteBank.Models\ByteBank.Models.csproj", "{CBC219F9-5F4C-48A4-A318-5667A5DB565B}"
EndProject
Global
	GlobalSection(SolutionConfigurationPlatforms) = preSolution
		Debug|Any CPU = Debug|Any CPU
		Release|Any CPU = Release|Any CPU
	EndGlobalSection
	GlobalSection(ProjectConfigurationPlatforms) = postSolution
		{19362A5F-D6D9-40E8-85DD-39BC8ECB2E53}.Debug|Any CPU.ActiveCfg = Debug|Any CPU
		{19362A5F-D6D9-40E8-85DD-39BC8ECB2E53}.Debug|Any CPU.Build.0 = Debug|Any CPU
		{19362A5F-D6D9-40E8-85DD-39BC8ECB2E53}.Release|Any CPU.ActiveCfg = Release|Any CPU
		{19362A5F-D6D9-40E8-85DD-39BC8ECB2E53}.Release|Any CPU.Build.0 = Release|Any CPU
		{CBC219F9-5F4C-48A4-A318-5667A5DB565B}.Debug|Any CPU.ActiveCfg = Debug|Any CPU
		{CBC219F9-5F4C-48A4-A318-5667A5DB565B}.Debug|Any CPU.Build.0 = Debug|Any CPU
		{CBC219F9-5F4C-48A4-A318-5667A5DB565B}.Release|Any CPU.ActiveCfg = Release|Any CPU
		{CBC219F9-5F4C-48A4-A318-5667A5DB565B}.Release|Any CPU.Build.0 = Release|Any CPU
	EndGlobalSection
	GlobalSection(SolutionProperties) = preSolution
		HideSolutionNode = FALSE
	EndGlobalSection
	GlobalSection(ExtensibilityGlobals) = postSolution
		SolutionGuid = {4522C922-B163-44B5-93C7-B337A7F08E7E}
	EndGlobalSection
EndGlobal
